{
  "version": 4,
  "terraform_version": "1.11.3",
  "serial": 7,
  "lineage": "c4993085-446c-1ee3-b7b2-f2a1c97ca73a",
  "outputs": {
    "bastion_external_ip": {
      "value": "34.60.224.233",
      "type": "string"
    },
    "compute_internal_ip": {
      "value": "10.0.0.3",
      "type": "string"
    },
    "controller_internal_ip": {
      "value": "10.0.0.2",
      "type": "string"
    }
  },
  "resources": [
    {
      "mode": "managed",
      "type": "google_compute_firewall",
      "name": "allow-ssh",
      "provider": "provider[\"registry.terraform.io/hashicorp/google\"]",
      "instances": [
        {
          "schema_version": 1,
          "attributes": {
            "allow": [
              {
                "ports": [
                  "22"
                ],
                "protocol": "tcp"
              }
            ],
            "creation_timestamp": "2025-04-09T11:50:10.334-07:00",
            "deny": [],
            "description": "",
            "destination_ranges": [],
            "direction": "INGRESS",
            "disabled": false,
            "enable_logging": null,
            "id": "projects/joeopenstack/global/firewalls/allow-ssh",
            "log_config": [],
            "name": "allow-ssh",
            "network": "https://www.googleapis.com/compute/v1/projects/joeopenstack/global/networks/openstack-vpc",
            "priority": 1000,
            "project": "joeopenstack",
            "self_link": "https://www.googleapis.com/compute/v1/projects/joeopenstack/global/firewalls/allow-ssh",
            "source_ranges": [
              "0.0.0.0/0"
            ],
            "source_service_accounts": null,
            "source_tags": null,
            "target_service_accounts": null,
            "target_tags": null,
            "timeouts": null
          },
          "sensitive_attributes": [],
          "private": "eyJlMmJmYjczMC1lY2FhLTExZTYtOGY4OC0zNDM2M2JjN2M0YzAiOnsiY3JlYXRlIjoxMjAwMDAwMDAwMDAwLCJkZWxldGUiOjEyMDAwMDAwMDAwMDAsInVwZGF0ZSI6MTIwMDAwMDAwMDAwMH0sInNjaGVtYV92ZXJzaW9uIjoiMSJ9",
          "dependencies": [
            "google_compute_network.vpc"
          ]
        }
      ]
    },
    {
      "mode": "managed",
      "type": "google_compute_instance",
      "name": "bastion",
      "provider": "provider[\"registry.terraform.io/hashicorp/google\"]",
      "instances": [
        {
          "schema_version": 6,
          "attributes": {
            "advanced_machine_features": [],
            "allow_stopping_for_update": null,
            "attached_disk": [],
            "boot_disk": [
              {
                "auto_delete": true,
                "device_name": "persistent-disk-0",
                "disk_encryption_key_raw": "",
                "disk_encryption_key_rsa": "",
                "disk_encryption_key_sha256": "",
                "disk_encryption_service_account": "",
                "guest_os_features": [
                  "VIRTIO_SCSI_MULTIQUEUE",
                  "SEV_CAPABLE",
                  "SEV_SNP_CAPABLE",
                  "SEV_LIVE_MIGRATABLE",
                  "SEV_LIVE_MIGRATABLE_V2",
                  "IDPF",
                  "UEFI_COMPATIBLE",
                  "GVNIC"
                ],
                "initialize_params": [
                  {
                    "architecture": "X86_64",
                    "enable_confidential_compute": false,
                    "image": "https://www.googleapis.com/compute/v1/projects/ubuntu-os-cloud/global/images/ubuntu-2004-focal-v20250313",
                    "labels": {},
                    "provisioned_iops": 0,
                    "provisioned_throughput": 0,
                    "resource_manager_tags": null,
                    "resource_policies": [],
                    "size": 10,
                    "snapshot": "",
                    "source_image_encryption_key": [],
                    "source_snapshot_encryption_key": [],
                    "storage_pool": "",
                    "type": "pd-standard"
                  }
                ],
                "interface": "",
                "kms_key_self_link": "",
                "mode": "READ_WRITE",
                "source": "https://www.googleapis.com/compute/v1/projects/joeopenstack/zones/us-central1-a/disks/bastion"
              }
            ],
            "can_ip_forward": false,
            "confidential_instance_config": [],
            "cpu_platform": "Intel Broadwell",
            "creation_timestamp": "2025-04-09T11:50:27.190-07:00",
            "current_status": "RUNNING",
            "deletion_protection": false,
            "description": "",
            "desired_status": null,
            "effective_labels": {
              "goog-terraform-provisioned": "true"
            },
            "enable_display": false,
            "guest_accelerator": [],
            "hostname": "",
            "id": "projects/joeopenstack/zones/us-central1-a/instances/bastion",
            "instance_encryption_key": [],
            "instance_id": "650654979716775837",
            "key_revocation_action_type": "",
            "label_fingerprint": "vezUS-42LLM=",
            "labels": null,
            "machine_type": "e2-medium",
            "metadata": {
              "ssh-keys": "ubuntu:ssh-ed25519 AAAAC3NzaC1lZDI1NTE5AAAAIObY2VKHhfA2E5zbyhr8SQieEqzc3MzUWbdsclwOKTUg jo83sam1@gmail.com\n"
            },
            "metadata_fingerprint": "XU4A6b3i3X0=",
            "metadata_startup_script": null,
            "min_cpu_platform": "",
            "name": "bastion",
            "network_interface": [
              {
                "access_config": [
                  {
                    "nat_ip": "34.60.224.233",
                    "network_tier": "PREMIUM",
                    "public_ptr_domain_name": ""
                  }
                ],
                "alias_ip_range": [],
                "internal_ipv6_prefix_length": 0,
                "ipv6_access_config": [],
                "ipv6_access_type": "",
                "ipv6_address": "",
                "name": "nic0",
                "network": "https://www.googleapis.com/compute/v1/projects/joeopenstack/global/networks/openstack-vpc",
                "network_attachment": "",
                "network_ip": "10.0.0.4",
                "nic_type": "",
                "queue_count": 0,
                "stack_type": "IPV4_ONLY",
                "subnetwork": "https://www.googleapis.com/compute/v1/projects/joeopenstack/regions/us-central1/subnetworks/openstack-subnet",
                "subnetwork_project": "joeopenstack"
              }
            ],
            "network_performance_config": [],
            "params": [],
            "project": "joeopenstack",
            "reservation_affinity": [],
            "resource_policies": null,
            "scheduling": [
              {
                "automatic_restart": true,
                "availability_domain": 0,
                "instance_termination_action": "",
                "local_ssd_recovery_timeout": [],
                "max_run_duration": [],
                "min_node_cpus": 0,
                "node_affinities": [],
                "on_host_maintenance": "MIGRATE",
                "on_instance_stop_action": [],
                "preemptible": false,
                "provisioning_model": "STANDARD",
                "termination_time": ""
              }
            ],
            "scratch_disk": [],
            "self_link": "https://www.googleapis.com/compute/v1/projects/joeopenstack/zones/us-central1-a/instances/bastion",
            "service_account": [],
            "shielded_instance_config": [
              {
                "enable_integrity_monitoring": true,
                "enable_secure_boot": false,
                "enable_vtpm": true
              }
            ],
            "tags": [
              "ssh-access"
            ],
            "tags_fingerprint": "UN_d4GsYhqM=",
            "terraform_labels": {
              "goog-terraform-provisioned": "true"
            },
            "timeouts": null,
            "zone": "us-central1-a"
          },
          "sensitive_attributes": [
            [
              {
                "type": "get_attr",
                "value": "boot_disk"
              },
              {
                "type": "index",
                "value": {
                  "value": 0,
                  "type": "number"
                }
              },
              {
                "type": "get_attr",
                "value": "disk_encryption_key_rsa"
              }
            ],
            [
              {
                "type": "get_attr",
                "value": "boot_disk"
              },
              {
                "type": "index",
                "value": {
                  "value": 0,
                  "type": "number"
                }
              },
              {
                "type": "get_attr",
                "value": "disk_encryption_key_raw"
              }
            ],
            [
              {
                "type": "get_attr",
                "value": "metadata"
              },
              {
                "type": "index",
                "value": {
                  "value": "ssh-keys",
                  "type": "string"
                }
              }
            ]
          ],
          "private": "eyJlMmJmYjczMC1lY2FhLTExZTYtOGY4OC0zNDM2M2JjN2M0YzAiOnsiY3JlYXRlIjoxMjAwMDAwMDAwMDAwLCJkZWxldGUiOjEyMDAwMDAwMDAwMDAsInVwZGF0ZSI6MTIwMDAwMDAwMDAwMH0sInNjaGVtYV92ZXJzaW9uIjoiNiJ9",
          "dependencies": [
            "google_compute_network.vpc",
            "google_compute_subnetwork.subnet"
          ]
        }
      ]
    },
    {
      "mode": "managed",
      "type": "google_compute_instance",
      "name": "compute",
      "provider": "provider[\"registry.terraform.io/hashicorp/google\"]",
      "instances": [
        {
          "schema_version": 6,
          "attributes": {
            "advanced_machine_features": [],
            "allow_stopping_for_update": null,
            "attached_disk": [],
            "boot_disk": [
              {
                "auto_delete": true,
                "device_name": "persistent-disk-0",
                "disk_encryption_key_raw": "",
                "disk_encryption_key_rsa": "",
                "disk_encryption_key_sha256": "",
                "disk_encryption_service_account": "",
                "guest_os_features": [
                  "VIRTIO_SCSI_MULTIQUEUE",
                  "SEV_CAPABLE",
                  "SEV_SNP_CAPABLE",
                  "SEV_LIVE_MIGRATABLE",
                  "SEV_LIVE_MIGRATABLE_V2",
                  "IDPF",
                  "UEFI_COMPATIBLE",
                  "GVNIC"
                ],
                "initialize_params": [
                  {
                    "architecture": "X86_64",
                    "enable_confidential_compute": false,
                    "image": "https://www.googleapis.com/compute/v1/projects/ubuntu-os-cloud/global/images/ubuntu-2004-focal-v20250313",
                    "labels": {},
                    "provisioned_iops": 0,
                    "provisioned_throughput": 0,
                    "resource_manager_tags": null,
                    "resource_policies": [],
                    "size": 10,
                    "snapshot": "",
                    "source_image_encryption_key": [],
                    "source_snapshot_encryption_key": [],
                    "storage_pool": "",
                    "type": "pd-standard"
                  }
                ],
                "interface": "",
                "kms_key_self_link": "",
                "mode": "READ_WRITE",
                "source": "https://www.googleapis.com/compute/v1/projects/joeopenstack/zones/us-central1-a/disks/compute"
              }
            ],
            "can_ip_forward": false,
            "confidential_instance_config": [],
            "cpu_platform": "Intel Broadwell",
            "creation_timestamp": "2025-04-09T11:50:26.187-07:00",
            "current_status": "RUNNING",
            "deletion_protection": false,
            "description": "",
            "desired_status": null,
            "effective_labels": {
              "goog-terraform-provisioned": "true"
            },
            "enable_display": false,
            "guest_accelerator": [],
            "hostname": "",
            "id": "projects/joeopenstack/zones/us-central1-a/instances/compute",
            "instance_encryption_key": [],
            "instance_id": "6474153676974555038",
            "key_revocation_action_type": "",
            "label_fingerprint": "vezUS-42LLM=",
            "labels": null,
            "machine_type": "e2-medium",
            "metadata": {
              "ssh-keys": "ubuntu:ssh-ed25519 AAAAC3NzaC1lZDI1NTE5AAAAIObY2VKHhfA2E5zbyhr8SQieEqzc3MzUWbdsclwOKTUg jo83sam1@gmail.com\n"
            },
            "metadata_fingerprint": "XU4A6b3i3X0=",
            "metadata_startup_script": null,
            "min_cpu_platform": "",
            "name": "compute",
            "network_interface": [
              {
                "access_config": [],
                "alias_ip_range": [],
                "internal_ipv6_prefix_length": 0,
                "ipv6_access_config": [],
                "ipv6_access_type": "",
                "ipv6_address": "",
                "name": "nic0",
                "network": "https://www.googleapis.com/compute/v1/projects/joeopenstack/global/networks/openstack-vpc",
                "network_attachment": "",
                "network_ip": "10.0.0.3",
                "nic_type": "",
                "queue_count": 0,
                "stack_type": "IPV4_ONLY",
                "subnetwork": "https://www.googleapis.com/compute/v1/projects/joeopenstack/regions/us-central1/subnetworks/openstack-subnet",
                "subnetwork_project": "joeopenstack"
              }
            ],
            "network_performance_config": [],
            "params": [],
            "project": "joeopenstack",
            "reservation_affinity": [],
            "resource_policies": null,
            "scheduling": [
              {
                "automatic_restart": true,
                "availability_domain": 0,
                "instance_termination_action": "",
                "local_ssd_recovery_timeout": [],
                "max_run_duration": [],
                "min_node_cpus": 0,
                "node_affinities": [],
                "on_host_maintenance": "MIGRATE",
                "on_instance_stop_action": [],
                "preemptible": false,
                "provisioning_model": "STANDARD",
                "termination_time": ""
              }
            ],
            "scratch_disk": [],
            "self_link": "https://www.googleapis.com/compute/v1/projects/joeopenstack/zones/us-central1-a/instances/compute",
            "service_account": [],
            "shielded_instance_config": [
              {
                "enable_integrity_monitoring": true,
                "enable_secure_boot": false,
                "enable_vtpm": true
              }
            ],
            "tags": null,
            "tags_fingerprint": "42WmSpB8rSM=",
            "terraform_labels": {
              "goog-terraform-provisioned": "true"
            },
            "timeouts": null,
            "zone": "us-central1-a"
          },
          "sensitive_attributes": [
            [
              {
                "type": "get_attr",
                "value": "boot_disk"
              },
              {
                "type": "index",
                "value": {
                  "value": 0,
                  "type": "number"
                }
              },
              {
                "type": "get_attr",
                "value": "disk_encryption_key_raw"
              }
            ],
            [
              {
                "type": "get_attr",
                "value": "boot_disk"
              },
              {
                "type": "index",
                "value": {
                  "value": 0,
                  "type": "number"
                }
              },
              {
                "type": "get_attr",
                "value": "disk_encryption_key_rsa"
              }
            ],
            [
              {
                "type": "get_attr",
                "value": "metadata"
              },
              {
                "type": "index",
                "value": {
                  "value": "ssh-keys",
                  "type": "string"
                }
              }
            ]
          ],
          "private": "eyJlMmJmYjczMC1lY2FhLTExZTYtOGY4OC0zNDM2M2JjN2M0YzAiOnsiY3JlYXRlIjoxMjAwMDAwMDAwMDAwLCJkZWxldGUiOjEyMDAwMDAwMDAwMDAsInVwZGF0ZSI6MTIwMDAwMDAwMDAwMH0sInNjaGVtYV92ZXJzaW9uIjoiNiJ9",
          "dependencies": [
            "google_compute_network.vpc",
            "google_compute_subnetwork.subnet"
          ]
        }
      ]
    },
    {
      "mode": "managed",
      "type": "google_compute_instance",
      "name": "controller",
      "provider": "provider[\"registry.terraform.io/hashicorp/google\"]",
      "instances": [
        {
          "schema_version": 6,
          "attributes": {
            "advanced_machine_features": [],
            "allow_stopping_for_update": null,
            "attached_disk": [],
            "boot_disk": [
              {
                "auto_delete": true,
                "device_name": "persistent-disk-0",
                "disk_encryption_key_raw": "",
                "disk_encryption_key_rsa": "",
                "disk_encryption_key_sha256": "",
                "disk_encryption_service_account": "",
                "guest_os_features": [
                  "VIRTIO_SCSI_MULTIQUEUE",
                  "SEV_CAPABLE",
                  "SEV_SNP_CAPABLE",
                  "SEV_LIVE_MIGRATABLE",
                  "SEV_LIVE_MIGRATABLE_V2",
                  "IDPF",
                  "UEFI_COMPATIBLE",
                  "GVNIC"
                ],
                "initialize_params": [
                  {
                    "architecture": "X86_64",
                    "enable_confidential_compute": false,
                    "image": "https://www.googleapis.com/compute/v1/projects/ubuntu-os-cloud/global/images/ubuntu-2004-focal-v20250313",
                    "labels": {},
                    "provisioned_iops": 0,
                    "provisioned_throughput": 0,
                    "resource_manager_tags": null,
                    "resource_policies": [],
                    "size": 10,
                    "snapshot": "",
                    "source_image_encryption_key": [],
                    "source_snapshot_encryption_key": [],
                    "storage_pool": "",
                    "type": "pd-standard"
                  }
                ],
                "interface": "",
                "kms_key_self_link": "",
                "mode": "READ_WRITE",
                "source": "https://www.googleapis.com/compute/v1/projects/joeopenstack/zones/us-central1-a/disks/controller"
              }
            ],
            "can_ip_forward": false,
            "confidential_instance_config": [],
            "cpu_platform": "Intel Broadwell",
            "creation_timestamp": "2025-04-09T11:50:25.922-07:00",
            "current_status": "RUNNING",
            "deletion_protection": false,
            "description": "",
            "desired_status": null,
            "effective_labels": {
              "goog-terraform-provisioned": "true"
            },
            "enable_display": false,
            "guest_accelerator": [],
            "hostname": "",
            "id": "projects/joeopenstack/zones/us-central1-a/instances/controller",
            "instance_encryption_key": [],
            "instance_id": "8346212020153712542",
            "key_revocation_action_type": "",
            "label_fingerprint": "vezUS-42LLM=",
            "labels": null,
            "machine_type": "e2-medium",
            "metadata": {
              "ssh-keys": "ubuntu:ssh-ed25519 AAAAC3NzaC1lZDI1NTE5AAAAIObY2VKHhfA2E5zbyhr8SQieEqzc3MzUWbdsclwOKTUg jo83sam1@gmail.com\n"
            },
            "metadata_fingerprint": "XU4A6b3i3X0=",
            "metadata_startup_script": null,
            "min_cpu_platform": "",
            "name": "controller",
            "network_interface": [
              {
                "access_config": [],
                "alias_ip_range": [],
                "internal_ipv6_prefix_length": 0,
                "ipv6_access_config": [],
                "ipv6_access_type": "",
                "ipv6_address": "",
                "name": "nic0",
                "network": "https://www.googleapis.com/compute/v1/projects/joeopenstack/global/networks/openstack-vpc",
                "network_attachment": "",
                "network_ip": "10.0.0.2",
                "nic_type": "",
                "queue_count": 0,
                "stack_type": "IPV4_ONLY",
                "subnetwork": "https://www.googleapis.com/compute/v1/projects/joeopenstack/regions/us-central1/subnetworks/openstack-subnet",
                "subnetwork_project": "joeopenstack"
              }
            ],
            "network_performance_config": [],
            "params": [],
            "project": "joeopenstack",
            "reservation_affinity": [],
            "resource_policies": null,
            "scheduling": [
              {
                "automatic_restart": true,
                "availability_domain": 0,
                "instance_termination_action": "",
                "local_ssd_recovery_timeout": [],
                "max_run_duration": [],
                "min_node_cpus": 0,
                "node_affinities": [],
                "on_host_maintenance": "MIGRATE",
                "on_instance_stop_action": [],
                "preemptible": false,
                "provisioning_model": "STANDARD",
                "termination_time": ""
              }
            ],
            "scratch_disk": [],
            "self_link": "https://www.googleapis.com/compute/v1/projects/joeopenstack/zones/us-central1-a/instances/controller",
            "service_account": [],
            "shielded_instance_config": [
              {
                "enable_integrity_monitoring": true,
                "enable_secure_boot": false,
                "enable_vtpm": true
              }
            ],
            "tags": null,
            "tags_fingerprint": "42WmSpB8rSM=",
            "terraform_labels": {
              "goog-terraform-provisioned": "true"
            },
            "timeouts": null,
            "zone": "us-central1-a"
          },
          "sensitive_attributes": [
            [
              {
                "type": "get_attr",
                "value": "boot_disk"
              },
              {
                "type": "index",
                "value": {
                  "value": 0,
                  "type": "number"
                }
              },
              {
                "type": "get_attr",
                "value": "disk_encryption_key_rsa"
              }
            ],
            [
              {
                "type": "get_attr",
                "value": "boot_disk"
              },
              {
                "type": "index",
                "value": {
                  "value": 0,
                  "type": "number"
                }
              },
              {
                "type": "get_attr",
                "value": "disk_encryption_key_raw"
              }
            ],
            [
              {
                "type": "get_attr",
                "value": "metadata"
              },
              {
                "type": "index",
                "value": {
                  "value": "ssh-keys",
                  "type": "string"
                }
              }
            ]
          ],
          "private": "eyJlMmJmYjczMC1lY2FhLTExZTYtOGY4OC0zNDM2M2JjN2M0YzAiOnsiY3JlYXRlIjoxMjAwMDAwMDAwMDAwLCJkZWxldGUiOjEyMDAwMDAwMDAwMDAsInVwZGF0ZSI6MTIwMDAwMDAwMDAwMH0sInNjaGVtYV92ZXJzaW9uIjoiNiJ9",
          "dependencies": [
            "google_compute_network.vpc",
            "google_compute_subnetwork.subnet"
          ]
        }
      ]
    },
    {
      "mode": "managed",
      "type": "google_compute_network",
      "name": "vpc",
      "provider": "provider[\"registry.terraform.io/hashicorp/google\"]",
      "instances": [
        {
          "schema_version": 0,
          "attributes": {
            "auto_create_subnetworks": false,
            "bgp_always_compare_med": false,
            "bgp_best_path_selection_mode": "LEGACY",
            "bgp_inter_region_cost": "",
            "delete_default_routes_on_create": false,
            "description": "",
            "enable_ula_internal_ipv6": false,
            "gateway_ipv4": "",
            "id": "projects/joeopenstack/global/networks/openstack-vpc",
            "internal_ipv6_range": "",
            "mtu": 0,
            "name": "openstack-vpc",
            "network_firewall_policy_enforcement_order": "AFTER_CLASSIC_FIREWALL",
            "network_id": "4663490121765191587",
            "network_profile": "",
            "numeric_id": "4663490121765191587",
            "project": "joeopenstack",
            "routing_mode": "REGIONAL",
            "self_link": "https://www.googleapis.com/compute/v1/projects/joeopenstack/global/networks/openstack-vpc",
            "timeouts": null
          },
          "sensitive_attributes": [],
          "private": "eyJlMmJmYjczMC1lY2FhLTExZTYtOGY4OC0zNDM2M2JjN2M0YzAiOnsiY3JlYXRlIjoxMjAwMDAwMDAwMDAwLCJkZWxldGUiOjEyMDAwMDAwMDAwMDAsInVwZGF0ZSI6MTIwMDAwMDAwMDAwMH19"
        }
      ]
    },
    {
      "mode": "managed",
      "type": "google_compute_subnetwork",
      "name": "subnet",
      "provider": "provider[\"registry.terraform.io/hashicorp/google\"]",
      "instances": [
        {
          "schema_version": 0,
          "attributes": {
            "creation_timestamp": "2025-04-09T11:50:10.544-07:00",
            "description": "",
            "enable_flow_logs": false,
            "external_ipv6_prefix": "",
            "fingerprint": null,
            "gateway_address": "10.0.0.1",
            "id": "projects/joeopenstack/regions/us-central1/subnetworks/openstack-subnet",
            "internal_ipv6_prefix": "",
            "ip_cidr_range": "10.0.0.0/24",
            "ip_collection": null,
            "ipv6_access_type": "",
            "ipv6_cidr_range": "",
            "ipv6_gce_endpoint": "",
            "log_config": [],
            "name": "openstack-subnet",
            "network": "https://www.googleapis.com/compute/v1/projects/joeopenstack/global/networks/openstack-vpc",
            "private_ip_google_access": false,
            "private_ipv6_google_access": "DISABLE_GOOGLE_ACCESS",
            "project": "joeopenstack",
            "purpose": "PRIVATE",
            "region": "us-central1",
            "reserved_internal_range": "",
            "role": "",
            "secondary_ip_range": [],
            "self_link": "https://www.googleapis.com/compute/v1/projects/joeopenstack/regions/us-central1/subnetworks/openstack-subnet",
            "send_secondary_ip_range_if_empty": null,
            "stack_type": "IPV4_ONLY",
            "state": "",
            "subnetwork_id": 1350862523026079629,
            "timeouts": null
          },
          "sensitive_attributes": [],
          "private": "eyJlMmJmYjczMC1lY2FhLTExZTYtOGY4OC0zNDM2M2JjN2M0YzAiOnsiY3JlYXRlIjoxMjAwMDAwMDAwMDAwLCJkZWxldGUiOjEyMDAwMDAwMDAwMDAsInVwZGF0ZSI6MTIwMDAwMDAwMDAwMH19",
          "dependencies": [
            "google_compute_network.vpc"
          ]
        }
      ]
    }
  ],
  "check_results": null
}
